// !$*UTF8*$!
{
	archiveVersion = 1;
	classes = {
	};
	objectVersion = 46;
	objects = {

/* Begin PBXBuildFile section */
		F279AFB41DE2E1AB003050A8 /* main.m in Sources */ = {isa = PBXBuildFile; fileRef = F279AFB31DE2E1AB003050A8 /* main.m */; };
		F279AFB71DE2E1AB003050A8 /* AppDelegate.m in Sources */ = {isa = PBXBuildFile; fileRef = F279AFB61DE2E1AB003050A8 /* AppDelegate.m */; };
		F279AFBA1DE2E1AB003050A8 /* ViewController.m in Sources */ = {isa = PBXBuildFile; fileRef = F279AFB91DE2E1AB003050A8 /* ViewController.m */; };
		F279AFBD1DE2E1AB003050A8 /* Main.storyboard in Resources */ = {isa = PBXBuildFile; fileRef = F279AFBB1DE2E1AB003050A8 /* Main.storyboard */; };
		F279AFBF1DE2E1AB003050A8 /* Assets.xcassets in Resources */ = {isa = PBXBuildFile; fileRef = F279AFBE1DE2E1AB003050A8 /* Assets.xcassets */; };
		F279AFC21DE2E1AB003050A8 /* LaunchScreen.storyboard in Resources */ = {isa = PBXBuildFile; fileRef = F279AFC01DE2E1AB003050A8 /* LaunchScreen.storyboard */; };
/* End PBXBuildFile section */

/* Begin PBXFileReference section */
		F279AFAF1DE2E1AB003050A8 /* MobileWeb_Map.app */ = {isa = PBXFileReference; explicitFileType = wrapper.application; includeInIndex = 0; path = MobileWeb_Map.app; sourceTree = BUILT_PRODUCTS_DIR; };
		F279AFB31DE2E1AB003050A8 /* main.m */ = {isa = PBXFileReference; lastKnownFileType = sourcecode.c.objc; path = main.m; sourceTree = "<group>"; };
		F279AFB51DE2E1AB003050A8 /* AppDelegate.h */ = {isa = PBXFileReference; lastKnownFileType = sourcecode.c.h; path = AppDelegate.h; sourceTree = "<group>"; };
		F279AFB61DE2E1AB003050A8 /* AppDelegate.m */ = {isa = PBXFileReference; lastKnownFileType = sourcecode.c.objc; path = AppDelegate.m; sourceTree = "<group>"; };
		F279AFB81DE2E1AB003050A8 /* ViewController.h */ = {isa = PBXFileReference; lastKnownFileType = sourcecode.c.h; path = ViewController.h; sourceTree = "<group>"; };
		F279AFB91DE2E1AB003050A8 /* ViewController.m */ = {isa = PBXFileReference; lastKnownFileType = sourcecode.c.objc; path = ViewController.m; sourceTree = "<group>"; };
		F279AFBC1DE2E1AB003050A8 /* Base */ = {isa = PBXFileReference; lastKnownFileType = file.storyboard; name = Base; path = Base.lproj/Main.storyboard; sourceTree = "<group>"; };
		F279AFBE1DE2E1AB003050A8 /* Assets.xcassets */ = {isa = PBXFileReference; lastKnownFileType = folder.assetcatalog; path = Assets.xcassets; sourceTree = "<group>"; };
		F279AFC11DE2E1AB003050A8 /* Base */ = {isa = PBXFileReference; lastKnownFileType = file.storyboard; name = Base; path = Base.lproj/LaunchScreen.storyboard; sourceTree = "<group>"; };
		F279AFC31DE2E1AB003050A8 /* Info.plist */ = {isa = PBXFileReference; lastKnownFileType = text.plist.xml; path = Info.plist; sourceTree = "<group>"; };
/* End PBXFileReference section */

/* Begin PBXFrameworksBuildPhase section */
		F279AFAC1DE2E1AB003050A8 /* Frameworks */ = {
			isa = PBXFrameworksBuildPhase;
			buildActionMask = 2147483647;
			files = (
			);
			runOnlyForDeploymentPostprocessing = 0;
		};
/* End PBXFrameworksBuildPhase section */

/* Begin PBXGroup section */
		F279AFA61DE2E1AB003050A8 = {
			isa = PBXGroup;
			children = (
				F279AFB11DE2E1AB003050A8 /* MobileWeb_Map */,
				F279AFB01DE2E1AB003050A8 /* Products */,
			);
			sourceTree = "<group>";
		};
		F279AFB01DE2E1AB003050A8 /* Products */ = {
			isa = PBXGroup;
			children = (
				F279AFAF1DE2E1AB003050A8 /* MobileWeb_Map.app */,
			);
			name = Products;
			sourceTree = "<group>";
		};
		F279AFB11DE2E1AB003050A8 /* MobileWeb_Map */ = {
			isa = PBXGroup;
			children = (
				F279AFB51DE2E1AB003050A8 /* AppDelegate.h */,
				F279AFB61DE2E1AB003050A8 /* AppDelegate.m */,
				F279AFB81DE2E1AB003050A8 /* ViewController.h */,
				F279AFB91DE2E1AB003050A8 /* ViewController.m */,
				F279AFBB1DE2E1AB003050A8 /* Main.storyboard */,
				F279AFBE1DE2E1AB003050A8 /* Assets.xcassets */,
				F279AFC01DE2E1AB003050A8 /* LaunchScreen.storyboard */,
				F279AFC31DE2E1AB003050A8 /* Info.plist */,
				F279AFB21DE2E1AB003050A8 /* Supporting Files */,
			);
			path = MobileWeb_Map;
			sourceTree = "<group>";
		};
		F279AFB21DE2E1AB003050A8 /* Supporting Files */ = {
			isa = PBXGroup;
			children = (
				F279AFB31DE2E1AB003050A8 /* main.m */,
			);
			name = "Supporting Files";
			sourceTree = "<group>";
		};
/* End PBXGroup section */

/* Begin PBXNativeTarget section */
		F279AFAE1DE2E1AB003050A8 /* MobileWeb_Map */ = {
			isa = PBXNativeTarget;
			buildConfigurationList = F279AFC61DE2E1AB003050A8 /* Build configuration list for PBXNativeTarget "MobileWeb_Map" */;
			buildPhases = (
				F279AFAB1DE2E1AB003050A8 /* Sources */,
				F279AFAC1DE2E1AB003050A8 /* Frameworks */,
				F279AFAD1DE2E1AB003050A8 /* Resources */,
			);
			buildRules = (
			);
			dependencies = (
			);
			name = MobileWeb_Map;
			productName = MobileWeb_Map;
			productReference = F279AFAF1DE2E1AB003050A8 /* MobileWeb_Map.app */;
			productType = "com.apple.product-type.application";
		};
/* End PBXNativeTarget section */

/* Begin PBXProject section */
		F279AFA71DE2E1AB003050A8 /* Project object */ = {
			isa = PBXProject;
			attributes = {
				LastUpgradeCheck = 0800;
				ORGANIZATIONNAME = xqzh;
				TargetAttributes = {
					F279AFAE1DE2E1AB003050A8 = {
						CreatedOnToolsVersion = 8.0;
						DevelopmentTeam = X342LX7QRW;
						ProvisioningStyle = Automatic;
					};
				};
			};
			buildConfigurationList = F279AFAA1DE2E1AB003050A8 /* Build configuration list for PBXProject "MobileWeb_Map" */;
			compatibilityVersion = "Xcode 3.2";
			developmentRegion = English;
			hasScannedForEncodings = 0;
			knownRegions = (
				en,
				Base,
			);
			mainGroup = F279AFA61DE2E1AB003050A8;
			productRefGroup = F279AFB01DE2E1AB003050A8 /* Products */;
			projectDirPath = "";
			projectRoot = "";
			targets = (
				F279AFAE1DE2E1AB003050A8 /* MobileWeb_Map */,
			);
		};
/* End PBXProject section */

/* Begin PBXResourcesBuildPhase section */
		F279AFAD1DE2E1AB003050A8 /* Resources */ = {
			isa = PBXResourcesBuildPhase;
			buildActionMask = 2147483647;
			files = (
				F279AFC21DE2E1AB003050A8 /* LaunchScreen.storyboard in Resources */,
				F279AFBF1DE2E1AB003050A8 /* Assets.xcassets in Resources */,
				F279AFBD1DE2E1AB003050A8 /* Main.storyboard in Resources */,
			);
			runOnlyForDeploymentPostprocessing = 0;
		};
/* End PBXResourcesBuildPhase section */

/* Begin PBXSourcesBuildPhase section */
		F279AFAB1DE2E1AB003050A8 /* Sources */ = {
			isa = PBXSourcesBuildPhase;
			buildActionMask = 2147483647;
			files = (
				F279AFBA1DE2E1AB003050A8 /* ViewController.m in Sources */,
				F279AFB71DE2E1AB003050A8 /* AppDelegate.m in Sources */,
				F279AFB41DE2E1AB003050A8 /* main.m in Sources */,
			);
			runOnlyForDeploymentPostprocessing = 0;
		};
/* End PBXSourcesBuildPhase section */

/* Begin PBXVariantGroup section */
		F279AFBB1DE2E1AB003050A8 /* Main.storyboard */ = {
			isa = PBXVariantGroup;
			children = (
				F279AFBC1DE2E1AB003050A8 /* Base */,
			);
			name = Main.storyboard;
			sourceTree = "<group>";
		};
		F279AFC01DE2E1AB003050A8 /* LaunchScreen.storyboard */ = {
			isa = PBXVariantGroup;
			children = (
				F279AFC11DE2E1AB003050A8 /* Base */,
			);
			name = LaunchScreen.storyboard;
			sourceTree = "<group>";
		};
/* End PBXVariantGroup section */

/* Begin XCBuildConfiguration section */
		F279AFC41DE2E1AB003050A8 /* Debug */ = {
			isa = XCBuildConfiguration;
			buildSettings = {
				ALWAYS_SEARCH_USER_PATHS = NO;
				CLANG_ANALYZER_NONNULL = YES;
				CLANG_CXX_LANGUAGE_STANDARD = "gnu++0x";
				CLANG_CXX_LIBRARY = "libc++";
				CLANG_ENABLE_MODULES = YES;
				CLANG_ENABLE_OBJC_ARC = YES;
				CLANG_WARN_BOOL_CONVERSION = YES;
				CLANG_WARN_CONSTANT_CONVERSION = YES;
				CLANG_WARN_DIRECT_OBJC_ISA_USAGE = YES_ERROR;
				CLANG_WARN_DOCUMENTATION_COMMENTS = YES;
				CLANG_WARN_EMPTY_BODY = YES;
				CLANG_WARN_ENUM_CONVERSION = YES;
				CLANG_WARN_INFINITE_RECURSION = YES;
				CLANG_WARN_INT_CONVERSION = YES;
				CLANG_WARN_OBJC_ROOT_CLASS = YES_ERROR;
				CLANG_WARN_SUSPICIOUS_MOVES = YES;
				CLANG_WARN_UNREACHABLE_CODE = YES;
				CLANG_WARN__DUPLICATE_METHOD_MATCH = YES;
				"CODE_SIGN_IDENTITY[sdk=iphoneos*]" = "iPhone Developer";
				COPY_PHASE_STRIP = NO;
				DEBUG_INFORMATION_FORMAT = dwarf;
				ENABLE_STRICT_OBJC_MSGSEND = YES;
				ENABLE_TESTABILITY = YES;
				GCC_C_LANGUAGE_STANDARD = gnu99;
				GCC_DYNAMIC_NO_PIC = NO;
				GCC_NO_COMMON_BLOCKS = YES;
				GCC_OPTIMIZATION_LEVEL = 0;
				GCC_PREPROCESSOR_DEFINITIONS = (
					"DEBUG=1",
					"$(inherited)",
				);
				GCC_WARN_64_TO_32_BIT_CONVERSION = YES;
				GCC_WARN_ABOUT_RETURN_TYPE = YES_ERROR;
				GCC_WARN_UNDECLARED_SELECTOR = YES;
				GCC_WARN_UNINITIALIZED_AUTOS = YES_AGGRESSIVE;
				GCC_WARN_UNUSED_FUNCTION = YES;
				GCC_WARN_UNUSED_VARIABLE = YES;
				IPHONEOS_DEPLOYMENT_TARGET = 10.0;
				MTL_ENABLE_DEBUG_INFO = YES;
				ONLY_ACTIVE_ARCH = YES;
				SDKROOT = iphoneos;
				TARGETED_DEVICE_FAMILY = "1,2";
			};
			name = Debug;
		};
		F279AFC51DE2E1AB003050A8 /* Release */ = {
			isa = XCBuildConfiguration;
			buildSettings = {
				ALWAYS_SEARCH_USER_PATHS = NO;
				CLANG_ANALYZER_NONNULL = YES;
				CLANG_CXX_LANGUAGE_STANDARD = "gnu++0x";
				CLANG_CXX_LIBRARY = "libc++";
				CLANG_ENABLE_MODULES = YES;
				CLANG_ENABLE_OBJC_ARC = YES;
				CLANG_WARN_BOOL_CONVERSION = YES;
				CLANG_WARN_CONSTANT_CONVERSION = YES;
				CLANG_WARN_DIRECT_OBJC_ISA_USAGE = YES_ERROR;
				CLANG_WARN_DOCUMENTATION_COMMENTS = YES;
				CLANG_WARN_EMPTY_BODY = YES;
				CLANG_WARN_ENUM_CONVERSION = YES;
				CLANG_WARN_INFINITE_RECURSION = YES;
				CLANG_WARN_INT_CONVERSION = YES;
				CLANG_WARN_OBJC_ROOT_CLASS = YES_ERROR;
				CLANG_WARN_SUSPICIOUS_MOVES = YES;
				CLANG_WARN_UNREACHABLE_CODE = YES;
				CLANG_WARN__DUPLICATE_METHOD_MATCH = YES;
				"CODE_SIGN_IDENTITY[sdk=iphoneos*]" = "iPhone Developer";
				COPY_PHASE_STRIP = NO;
				DEBUG_INFORMATION_FORMAT = "dwarf-with-dsym";
				ENABLE_NS_ASSERTIONS = NO;
				ENABLE_STRICT_OBJC_MSGSEND = YES;
				GCC_C_LANGUAGE_STANDARD = gnu99;
				GCC_NO_COMMON_BLOCKS = YES;
				GCC_WARN_64_TO_32_BIT_CONVERSION = YES;
				GCC_WARN_ABOUT_RETURN_TYPE = YES_ERROR;
				GCC_WARN_UNDECLARED_SELECTOR = YES;
				GCC_WARN_UNINITIALIZED_AUTOS = YES_AGGRESSIVE;
				GCC_WARN_UNUSED_FUNCTION = YES;
				GCC_WARN_UNUSED_VARIABLE = YES;
				IPHONEOS_DEPLOYMENT_TARGET = 10.0;
				MTL_ENABLE_DEBUG_INFO = NO;
				SDKROOT = iphoneos;
				TARGETED_DEVICE_FAMILY = "1,2";
				VALIDATE_PRODUCT = YES;
			};
			name = Release;
		};
		F279AFC71DE2E1AB003050A8 /* Debug */ = {
			isa = XCBuildConfiguration;
			buildSettings = {
				ASSETCATALOG_COMPILER_APPICON_NAME = AppIcon;
				DEVELOPMENT_TEAM = X342LX7QRW;
				INFOPLIST_FILE = MobileWeb_Map/Info.plist;
				IPHONEOS_DEPLOYMENT_TARGET = 9.0;
				LD_RUNPATH_SEARCH_PATHS = "$(inherited) @executable_path/Frameworks";
				PRODUCT_BUNDLE_IDENTIFIER = "com.zxq.MobileWeb-Map";
				PRODUCT_NAME = "$(TARGET_NAME)";
				TARGETED_DEVICE_FAMILY = 2;
			};
			name = Debug;
		};
		F279AFC81DE2E1AB003050A8 /* Release */ = {
			isa = XCBuildConfiguration;
			buildSettings = {
				ASSETCATALOG_COMPILER_APPICON_NAME = AppIcon;
				DEVELOPMENT_TEAM = X342LX7QRW;
				INFOPLIST_FILE = MobileWeb_Map/Info.plist;
				IPHONEOS_DEPLOYMENT_TARGET = 9.0;
				LD_RUNPATH_SEARCH_PATHS = "$(inherited) @executable_path/Frameworks";
				PRODUCT_BUNDLE_IDENTIFIER = "com.zxq.MobileWeb-Map";
				PRODUCT_NAME = "$(TARGET_NAME)";
				TARGETED_DEVICE_FAMILY = 2;
			};
			name = Release;
		};
/* End XCBuildConfiguration section */

/* Begin XCConfigurationList section */
		F279AFAA1DE2E1AB003050A8 /* Build configuration list for PBXProject "MobileWeb_Map" */ = {
			isa = XCConfigurationList;
			buildConfigurations = (
				F279AFC41DE2E1AB003050A8 /* Debug */,
				F279AFC51DE2E1AB003050A8 /* Release */,
			);
			defaultConfigurationIsVisible = 0;
			defaultConfigurationName = Release;
		};
		F279AFC61DE2E1AB003050A8 /* Build configuration list for PBXNativeTarget "MobileWeb_Map" */ = {
			isa = XCConfigurationList;
			buildConfigurations = (
				F279AFC71DE2E1AB003050A8 /* Debug */,
				F279AFC81DE2E1AB003050A8 /* Release */,
			);
			defaultConfigurationIsVisible = 0;
		};
/* End XCConfigurationList section */
	};
	rootObject = F279AFA71DE2E1AB003050A8 /* Project object */;
}
